// !$*UTF8*$!
{
	archiveVersion = 1;
	classes = {
	};
	objectVersion = 55;
	objects = {

/* Begin PBXBuildFile section */
		F7305CD0276A6B0E006B6CCC /* AppDelegate.swift in Sources */ = {isa = PBXBuildFile; fileRef = F7305CCF276A6B0E006B6CCC /* AppDelegate.swift */; };
		F7305CD2276A6B0E006B6CCC /* SceneDelegate.swift in Sources */ = {isa = PBXBuildFile; fileRef = F7305CD1276A6B0E006B6CCC /* SceneDelegate.swift */; };
		F7305CD4276A6B0E006B6CCC /* ViewController.swift in Sources */ = {isa = PBXBuildFile; fileRef = F7305CD3276A6B0E006B6CCC /* ViewController.swift */; };
		F7305CD7276A6B0E006B6CCC /* Main.storyboard in Resources */ = {isa = PBXBuildFile; fileRef = F7305CD5276A6B0E006B6CCC /* Main.storyboard */; };
		F7305CD9276A6B0F006B6CCC /* Assets.xcassets in Resources */ = {isa = PBXBuildFile; fileRef = F7305CD8276A6B0F006B6CCC /* Assets.xcassets */; };
		F7305CDC276A6B0F006B6CCC /* LaunchScreen.storyboard in Resources */ = {isa = PBXBuildFile; fileRef = F7305CDA276A6B0F006B6CCC /* LaunchScreen.storyboard */; };
		F7305CE8276A7B64006B6CCC /* Simulator Screen Shot - iPhone 12 Pro - 2021-12-15 at 23.06.51.png in Resources */ = {isa = PBXBuildFile; fileRef = F7305CE7276A7B64006B6CCC /* Simulator Screen Shot - iPhone 12 Pro - 2021-12-15 at 23.06.51.png */; };
/* End PBXBuildFile section */

/* Begin PBXFileReference section */
		F7305CCC276A6B0E006B6CCC /* Box in Box and Label in top.app */ = {isa = PBXFileReference; explicitFileType = wrapper.application; includeInIndex = 0; path = "Box in Box and Label in top.app"; sourceTree = BUILT_PRODUCTS_DIR; };
		F7305CCF276A6B0E006B6CCC /* AppDelegate.swift */ = {isa = PBXFileReference; lastKnownFileType = sourcecode.swift; path = AppDelegate.swift; sourceTree = "<group>"; };
		F7305CD1276A6B0E006B6CCC /* SceneDelegate.swift */ = {isa = PBXFileReference; lastKnownFileType = sourcecode.swift; path = SceneDelegate.swift; sourceTree = "<group>"; };
		F7305CD3276A6B0E006B6CCC /* ViewController.swift */ = {isa = PBXFileReference; lastKnownFileType = sourcecode.swift; path = ViewController.swift; sourceTree = "<group>"; };
		F7305CD6276A6B0E006B6CCC /* Base */ = {isa = PBXFileReference; lastKnownFileType = file.storyboard; name = Base; path = Base.lproj/Main.storyboard; sourceTree = "<group>"; };
		F7305CD8276A6B0F006B6CCC /* Assets.xcassets */ = {isa = PBXFileReference; lastKnownFileType = folder.assetcatalog; path = Assets.xcassets; sourceTree = "<group>"; };
		F7305CDB276A6B0F006B6CCC /* Base */ = {isa = PBXFileReference; lastKnownFileType = file.storyboard; name = Base; path = Base.lproj/LaunchScreen.storyboard; sourceTree = "<group>"; };
		F7305CDD276A6B0F006B6CCC /* Info.plist */ = {isa = PBXFileReference; lastKnownFileType = text.plist.xml; path = Info.plist; sourceTree = "<group>"; };
		F7305CE7276A7B64006B6CCC /* Simulator Screen Shot - iPhone 12 Pro - 2021-12-15 at 23.06.51.png */ = {isa = PBXFileReference; lastKnownFileType = image.png; path = "Simulator Screen Shot - iPhone 12 Pro - 2021-12-15 at 23.06.51.png"; sourceTree = "<group>"; };
/* End PBXFileReference section */

/* Begin PBXFrameworksBuildPhase section */
		F7305CC9276A6B0E006B6CCC /* Frameworks */ = {
			isa = PBXFrameworksBuildPhase;
			buildActionMask = 2147483647;
			files = (
			);
			runOnlyForDeploymentPostprocessing = 0;
		};
/* End PBXFrameworksBuildPhase section */

/* Begin PBXGroup section */
		F7305CC3276A6B0D006B6CCC = {
			isa = PBXGroup;
			children = (
				F7305CCE276A6B0E006B6CCC /* Box in Box and Label in top */,
				F7305CCD276A6B0E006B6CCC /* Products */,
			);
			sourceTree = "<group>";
		};
		F7305CCD276A6B0E006B6CCC /* Products */ = {
			isa = PBXGroup;
			children = (
				F7305CCC276A6B0E006B6CCC /* Box in Box and Label in top.app */,
			);
			name = Products;
			sourceTree = "<group>";
		};
		F7305CCE276A6B0E006B6CCC /* Box in Box and Label in top */ = {
			isa = PBXGroup;
			children = (
				F7305CCF276A6B0E006B6CCC /* AppDelegate.swift */,
				F7305CD1276A6B0E006B6CCC /* SceneDelegate.swift */,
				F7305CD3276A6B0E006B6CCC /* ViewController.swift */,
				F7305CD5276A6B0E006B6CCC /* Main.storyboard */,
				F7305CD8276A6B0F006B6CCC /* Assets.xcassets */,
				F7305CDA276A6B0F006B6CCC /* LaunchScreen.storyboard */,
				F7305CDD276A6B0F006B6CCC /* Info.plist */,
				F7305CE7276A7B64006B6CCC /* Simulator Screen Shot - iPhone 12 Pro - 2021-12-15 at 23.06.51.png */,
			);
			path = "Box in Box and Label in top";
			sourceTree = "<group>";
		};
/* End PBXGroup section */

/* Begin PBXNativeTarget section */
		F7305CCB276A6B0E006B6CCC /* Box in Box and Label in top */ = {
			isa = PBXNativeTarget;
			buildConfigurationList = F7305CE0276A6B0F006B6CCC /* Build configuration list for PBXNativeTarget "Box in Box and Label in top" */;
			buildPhases = (
				F7305CC8276A6B0E006B6CCC /* Sources */,
				F7305CC9276A6B0E006B6CCC /* Frameworks */,
				F7305CCA276A6B0E006B6CCC /* Resources */,
			);
			buildRules = (
			);
			dependencies = (
			);
			name = "Box in Box and Label in top";
			productName = "Box in Box and Label in top";
			productReference = F7305CCC276A6B0E006B6CCC /* Box in Box and Label in top.app */;
			productType = "com.apple.product-type.application";
		};
/* End PBXNativeTarget section */

/* Begin PBXProject section */
		F7305CC4276A6B0D006B6CCC /* Project object */ = {
			isa = PBXProject;
			attributes = {
				BuildIndependentTargetsInParallel = 1;
				LastSwiftUpdateCheck = 1320;
				LastUpgradeCheck = 1320;
				TargetAttributes = {
					F7305CCB276A6B0E006B6CCC = {
						CreatedOnToolsVersion = 13.2;
					};
				};
			};
			buildConfigurationList = F7305CC7276A6B0D006B6CCC /* Build configuration list for PBXProject "Box in Box and Label in top" */;
			compatibilityVersion = "Xcode 13.0";
			developmentRegion = en;
			hasScannedForEncodings = 0;
			knownRegions = (
				en,
				Base,
			);
			mainGroup = F7305CC3276A6B0D006B6CCC;
			productRefGroup = F7305CCD276A6B0E006B6CCC /* Products */;
			projectDirPath = "";
			projectRoot = "";
			targets = (
				F7305CCB276A6B0E006B6CCC /* Box in Box and Label in top */,
			);
		};
/* End PBXProject section */

/* Begin PBXResourcesBuildPhase section */
		F7305CCA276A6B0E006B6CCC /* Resources */ = {
			isa = PBXResourcesBuildPhase;
			buildActionMask = 2147483647;
			files = (
				F7305CDC276A6B0F006B6CCC /* LaunchScreen.storyboard in Resources */,
				F7305CD9276A6B0F006B6CCC /* Assets.xcassets in Resources */,
				F7305CE8276A7B64006B6CCC /* Simulator Screen Shot - iPhone 12 Pro - 2021-12-15 at 23.06.51.png in Resources */,
				F7305CD7276A6B0E006B6CCC /* Main.storyboard in Resources */,
			);
			runOnlyForDeploymentPostprocessing = 0;
		};
/* End PBXResourcesBuildPhase section */

/* Begin PBXSourcesBuildPhase section */
		F7305CC8276A6B0E006B6CCC /* Sources */ = {
			isa = PBXSourcesBuildPhase;
			buildActionMask = 2147483647;
			files = (
				F7305CD4276A6B0E006B6CCC /* ViewController.swift in Sources */,
				F7305CD0276A6B0E006B6CCC /* AppDelegate.swift in Sources */,
				F7305CD2276A6B0E006B6CCC /* SceneDelegate.swift in Sources */,
			);
			runOnlyForDeploymentPostprocessing = 0;
		};
/* End PBXSourcesBuildPhase section */

/* Begin PBXVariantGroup section */
		F7305CD5276A6B0E006B6CCC /* Main.storyboard */ = {
			isa = PBXVariantGroup;
			children = (
				F7305CD6276A6B0E006B6CCC /* Base */,
			);
			name = Main.storyboard;
			sourceTree = "<group>";
		};
		F7305CDA276A6B0F006B6CCC /* LaunchScreen.storyboard */ = {
			isa = PBXVariantGroup;
			children = (
				F7305CDB276A6B0F006B6CCC /* Base */,
			);
			name = LaunchScreen.storyboard;
			sourceTree = "<group>";
		};
/* End PBXVariantGroup section */

/* Begin XCBuildConfiguration section */
		F7305CDE276A6B0F006B6CCC /* Debug */ = {
			isa = XCBuildConfiguration;
			buildSettings = {
				ALWAYS_SEARCH_USER_PATHS = NO;
				CLANG_ANALYZER_NONNULL = YES;
				CLANG_ANALYZER_NUMBER_OBJECT_CONVERSION = YES_AGGRESSIVE;
				CLANG_CXX_LANGUAGE_STANDARD = "gnu++17";
				CLANG_CXX_LIBRARY = "libc++";
				CLANG_ENABLE_MODULES = YES;
				CLANG_ENABLE_OBJC_ARC = YES;
				CLANG_ENABLE_OBJC_WEAK = YES;
				CLANG_WARN_BLOCK_CAPTURE_AUTORELEASING = YES;
				CLANG_WARN_BOOL_CONVERSION = YES;
				CLANG_WARN_COMMA = YES;
				CLANG_WARN_CONSTANT_CONVERSION = YES;
				CLANG_WARN_DEPRECATED_OBJC_IMPLEMENTATIONS = YES;
				CLANG_WARN_DIRECT_OBJC_ISA_USAGE = YES_ERROR;
				CLANG_WARN_DOCUMENTATION_COMMENTS = YES;
				CLANG_WARN_EMPTY_BODY = YES;
				CLANG_WARN_ENUM_CONVERSION = YES;
				CLANG_WARN_INFINITE_RECURSION = YES;
				CLANG_WARN_INT_CONVERSION = YES;
				CLANG_WARN_NON_LITERAL_NULL_CONVERSION = YES;
				CLANG_WARN_OBJC_IMPLICIT_RETAIN_SELF = YES;
				CLANG_WARN_OBJC_LITERAL_CONVERSION = YES;
				CLANG_WARN_OBJC_ROOT_CLASS = YES_ERROR;
				CLANG_WARN_QUOTED_INCLUDE_IN_FRAMEWORK_HEADER = YES;
				CLANG_WARN_RANGE_LOOP_ANALYSIS = YES;
				CLANG_WARN_STRICT_PROTOTYPES = YES;
				CLANG_WARN_SUSPICIOUS_MOVE = YES;
				CLANG_WARN_UNGUARDED_AVAILABILITY = YES_AGGRESSIVE;
				CLANG_WARN_UNREACHABLE_CODE = YES;
				CLANG_WARN__DUPLICATE_METHOD_MATCH = YES;
				COPY_PHASE_STRIP = NO;
				DEBUG_INFORMATION_FORMAT = dwarf;
				ENABLE_STRICT_OBJC_MSGSEND = YES;
				ENABLE_TESTABILITY = YES;
				GCC_C_LANGUAGE_STANDARD = gnu11;
				GCC_DYNAMIC_NO_PIC = NO;
				GCC_NO_COMMON_BLOCKS = YES;
				GCC_OPTIMIZATION_LEVEL = 0;
				GCC_PREPROCESSOR_DEFINITIONS = (
					"DEBUG=1",
					"$(inherited)",
				);
				GCC_WARN_64_TO_32_BIT_CONVERSION = YES;
				GCC_WARN_ABOUT_RETURN_TYPE = YES_ERROR;
				GCC_WARN_UNDECLARED_SELECTOR = YES;
				GCC_WARN_UNINITIALIZED_AUTOS = YES_AGGRESSIVE;
				GCC_WARN_UNUSED_FUNCTION = YES;
				GCC_WARN_UNUSED_VARIABLE = YES;
				IPHONEOS_DEPLOYMENT_TARGET = 15.2;
				MTL_ENABLE_DEBUG_INFO = INCLUDE_SOURCE;
				MTL_FAST_MATH = YES;
				ONLY_ACTIVE_ARCH = YES;
				SDKROOT = iphoneos;
				SWIFT_ACTIVE_COMPILATION_CONDITIONS = DEBUG;
				SWIFT_OPTIMIZATION_LEVEL = "-Onone";
			};
			name = Debug;
		};
		F7305CDF276A6B0F006B6CCC /* Release */ = {
			isa = XCBuildConfiguration;
			buildSettings = {
				ALWAYS_SEARCH_USER_PATHS = NO;
				CLANG_ANALYZER_NONNULL = YES;
				CLANG_ANALYZER_NUMBER_OBJECT_CONVERSION = YES_AGGRESSIVE;
				CLANG_CXX_LANGUAGE_STANDARD = "gnu++17";
				CLANG_CXX_LIBRARY = "libc++";
				CLANG_ENABLE_MODULES = YES;
				CLANG_ENABLE_OBJC_ARC = YES;
				CLANG_ENABLE_OBJC_WEAK = YES;
				CLANG_WARN_BLOCK_CAPTURE_AUTORELEASING = YES;
				CLANG_WARN_BOOL_CONVERSION = YES;
				CLANG_WARN_COMMA = YES;
				CLANG_WARN_CONSTANT_CONVERSION = YES;
				CLANG_WARN_DEPRECATED_OBJC_IMPLEMENTATIONS = YES;
				CLANG_WARN_DIRECT_OBJC_ISA_USAGE = YES_ERROR;
				CLANG_WARN_DOCUMENTATION_COMMENTS = YES;
				CLANG_WARN_EMPTY_BODY = YES;
				CLANG_WARN_ENUM_CONVERSION = YES;
				CLANG_WARN_INFINITE_RECURSION = YES;
				CLANG_WARN_INT_CONVERSION = YES;
				CLANG_WARN_NON_LITERAL_NULL_CONVERSION = YES;
				CLANG_WARN_OBJC_IMPLICIT_RETAIN_SELF = YES;
				CLANG_WARN_OBJC_LITERAL_CONVERSION = YES;
				CLANG_WARN_OBJC_ROOT_CLASS = YES_ERROR;
				CLANG_WARN_QUOTED_INCLUDE_IN_FRAMEWORK_HEADER = YES;
				CLANG_WARN_RANGE_LOOP_ANALYSIS = YES;
				CLANG_WARN_STRICT_PROTOTYPES = YES;
				CLANG_WARN_SUSPICIOUS_MOVE = YES;
				CLANG_WARN_UNGUARDED_AVAILABILITY = YES_AGGRESSIVE;
				CLANG_WARN_UNREACHABLE_CODE = YES;
				CLANG_WARN__DUPLICATE_METHOD_MATCH = YES;
				COPY_PHASE_STRIP = NO;
				DEBUG_INFORMATION_FORMAT = "dwarf-with-dsym";
				ENABLE_NS_ASSERTIONS = NO;
				ENABLE_STRICT_OBJC_MSGSEND = YES;
				GCC_C_LANGUAGE_STANDARD = gnu11;
				GCC_NO_COMMON_BLOCKS = YES;
				GCC_WARN_64_TO_32_BIT_CONVERSION = YES;
				GCC_WARN_ABOUT_RETURN_TYPE = YES_ERROR;
				GCC_WARN_UNDECLARED_SELECTOR = YES;
				GCC_WARN_UNINITIALIZED_AUTOS = YES_AGGRESSIVE;
				GCC_WARN_UNUSED_FUNCTION = YES;
				GCC_WARN_UNUSED_VARIABLE = YES;
				IPHONEOS_DEPLOYMENT_TARGET = 15.2;
				MTL_ENABLE_DEBUG_INFO = NO;
				MTL_FAST_MATH = YES;
				SDKROOT = iphoneos;
				SWIFT_COMPILATION_MODE = wholemodule;
				SWIFT_OPTIMIZATION_LEVEL = "-O";
				VALIDATE_PRODUCT = YES;
			};
			name = Release;
		};
		F7305CE1276A6B0F006B6CCC /* Debug */ = {
			isa = XCBuildConfiguration;
			buildSettings = {
				ASSETCATALOG_COMPILER_APPICON_NAME = AppIcon;
				ASSETCATALOG_COMPILER_GLOBAL_ACCENT_COLOR_NAME = AccentColor;
				CODE_SIGN_STYLE = Automatic;
				CURRENT_PROJECT_VERSION = 1;
				GENERATE_INFOPLIST_FILE = YES;
				INFOPLIST_FILE = "Box in Box and Label in top/Info.plist";
				INFOPLIST_KEY_UIApplicationSupportsIndirectInputEvents = YES;
				INFOPLIST_KEY_UILaunchStoryboardName = LaunchScreen;
				INFOPLIST_KEY_UIMainStoryboardFile = Main;
				INFOPLIST_KEY_UISupportedInterfaceOrientations_iPad = "UIInterfaceOrientationPortrait UIInterfaceOrientationPortraitUpsideDown UIInterfaceOrientationLandscapeLeft UIInterfaceOrientationLandscapeRight";
				INFOPLIST_KEY_UISupportedInterfaceOrientations_iPhone = "UIInterfaceOrientationPortrait UIInterfaceOrientationLandscapeLeft UIInterfaceOrientationLandscapeRight";
				LD_RUNPATH_SEARCH_PATHS = (
					"$(inherited)",
					"@executable_path/Frameworks",
				);
				MARKETING_VERSION = 1.0;
				PRODUCT_BUNDLE_IDENTIFIER = "com.omidheydarzadeh.Box-in-Box-and-Label-in-top";
				PRODUCT_NAME = "$(TARGET_NAME)";
				SWIFT_EMIT_LOC_STRINGS = YES;
				SWIFT_VERSION = 5.0;
				TARGETED_DEVICE_FAMILY = "1,2";
			};
			name = Debug;
		};
		F7305CE2276A6B0F006B6CCC /* Release */ = {
			isa = XCBuildConfiguration;
			buildSettings = {
				ASSETCATALOG_COMPILER_APPICON_NAME = AppIcon;
				ASSETCATALOG_COMPILER_GLOBAL_ACCENT_COLOR_NAME = AccentColor;
				CODE_SIGN_STYLE = Automatic;
				CURRENT_PROJECT_VERSION = 1;
				GENERATE_INFOPLIST_FILE = YES;
				INFOPLIST_FILE = "Box in Box and Label in top/Info.plist";
				INFOPLIST_KEY_UIApplicationSupportsIndirectInputEvents = YES;
				INFOPLIST_KEY_UILaunchStoryboardName = LaunchScreen;
				INFOPLIST_KEY_UIMainStoryboardFile = Main;
				INFOPLIST_KEY_UISupportedInterfaceOrientations_iPad = "UIInterfaceOrientationPortrait UIInterfaceOrientationPortraitUpsideDown UIInterfaceOrientationLandscapeLeft UIInterfaceOrientationLandscapeRight";
				INFOPLIST_KEY_UISupportedInterfaceOrientations_iPhone = "UIInterfaceOrientationPortrait UIInterfaceOrientationLandscapeLeft UIInterfaceOrientationLandscapeRight";
				LD_RUNPATH_SEARCH_PATHS = (
					"$(inherited)",
					"@executable_path/Frameworks",
				);
				MARKETING_VERSION = 1.0;
				PRODUCT_BUNDLE_IDENTIFIER = "com.omidheydarzadeh.Box-in-Box-and-Label-in-top";
				PRODUCT_NAME = "$(TARGET_NAME)";
				SWIFT_EMIT_LOC_STRINGS = YES;
				SWIFT_VERSION = 5.0;
				TARGETED_DEVICE_FAMILY = "1,2";
			};
			name = Release;
		};
/* End XCBuildConfiguration section */

/* Begin XCConfigurationList section */
		F7305CC7276A6B0D006B6CCC /* Build configuration list for PBXProject "Box in Box and Label in top" */ = {
			isa = XCConfigurationList;
			buildConfigurations = (
				F7305CDE276A6B0F006B6CCC /* Debug */,
				F7305CDF276A6B0F006B6CCC /* Release */,
			);
			defaultConfigurationIsVisible = 0;
			defaultConfigurationName = Release;
		};
		F7305CE0276A6B0F006B6CCC /* Build configuration list for PBXNativeTarget "Box in Box and Label in top" */ = {
			isa = XCConfigurationList;
			buildConfigurations = (
				F7305CE1276A6B0F006B6CCC /* Debug */,
				F7305CE2276A6B0F006B6CCC /* Release */,
			);
			defaultConfigurationIsVisible = 0;
			defaultConfigurationName = Release;
		};
/* End XCConfigurationList section */
	};
	rootObject = F7305CC4276A6B0D006B6CCC /* Project object */;
}
